<?xml version="1.0" encoding="utf-8"?>
<Project ToolsVersion="4.0" xmlns="http://schemas.microsoft.com/developer/msbuild/2003">
  <ItemGroup>
    <Filter Include="Файлы исходного кода">
      <UniqueIdentifier>{4FC737F1-C7A5-4376-A066-2A32D752A2FF}</UniqueIdentifier>
      <Extensions>cpp;c;cc;cxx;def;odl;idl;hpj;bat;asm;asmx</Extensions>
    </Filter>
    <Filter Include="Заголовочные файлы">
      <UniqueIdentifier>{93995380-89BD-4b04-88EB-625FBE52EBFB}</UniqueIdentifier>
      <Extensions>h;hpp;hxx;hm;inl;inc;xsd</Extensions>
    </Filter>
    <Filter Include="Файлы ресурсов">
      <UniqueIdentifier>{67DA6AB6-F800-4c08-8B7A-83BB121AAD01}</UniqueIdentifier>
      <Extensions>rc;ico;cur;bmp;dlg;rc2;rct;bin;rgs;gif;jpg;jpeg;jpe;resx;tiff;tif;png;wav;mfcribbon-ms</Extensions>
    </Filter>
  </ItemGroup>
  <ItemGroup>
    <ClCompile Include="main.cpp">
      <Filter>Файлы исходного кода</Filter>
    </ClCompile>
  </ItemGroup>
  <ItemGroup>
    <ClInclude Include="resource.h">
      <Filter>Заголовочные файлы</Filter>
    </ClInclude>
    <ClInclude Include="SeaArcade.h">
      <Filter>Заголовочные файлы</Filter>
    </ClInclude>
    <ClInclude Include="SeaArcadeWinApi.h">
      <Filter>Заголовочные файлы</Filter>
    </ClInclude>
  </ItemGroup>
  <ItemGroup>
    <ResourceCompile Include="SeaArcade.rc">
      <Filter>Файлы ресурсов</Filter>
    </ResourceCompile>
  </ItemGroup>
  <ItemGroup>
    <Image Include="..\Res\background.bmp">
      <Filter>Файлы ресурсов</Filter>
    </Image>
    <Image Include="..\Res\hero_left.bmp">
      <Filter>Файлы ресурсов</Filter>
    </Image>
    <Image Include="..\Res\m_hero_left.bmp">
      <Filter>Файлы ресурсов</Filter>
    </Image>
    <Image Include="..\Res\field.bmp">
      <Filter>Файлы ресурсов</Filter>
    </Image>
    <Image Include="..\Res\hero_down.bmp">
      <Filter>Файлы ресурсов</Filter>
    </Image>
    <Image Include="..\Res\hero_right.bmp">
      <Filter>Файлы ресурсов</Filter>
    </Image>
    <Image Include="..\Res\hero_up.bmp">
      <Filter>Файлы ресурсов</Filter>
    </Image>
    <Image Include="..\Res\m_hero_down.bmp">
      <Filter>Файлы ресурсов</Filter>
    </Image>
    <Image Include="..\Res\m_hero_right.bmp">
      <Filter>Файлы ресурсов</Filter>
    </Image>
    <Image Include="..\Res\m_hero_up.bmp">
      <Filter>Файлы ресурсов</Filter>
    </Image>
    <Image Include="..\Res\m_xp.bmp">
      <Filter>Файлы ресурсов</Filter>
    </Image>
    <Image Include="..\Res\xp.bmp">
      <Filter>Файлы ресурсов</Filter>
    </Image>
    <Image Include="..\Res\enemy_down.bmp">
      <Filter>Файлы ресурсов</Filter>
    </Image>
    <Image Include="..\Res\enemy_left.bmp">
      <Filter>Файлы ресурсов</Filter>
    </Image>
    <Image Include="..\Res\enemy_right.bmp">
      <Filter>Файлы ресурсов</Filter>
    </Image>
    <Image Include="..\Res\enemy_up.bmp">
      <Filter>Файлы ресурсов</Filter>
    </Image>
    <Image Include="..\Res\m_enemy_down.bmp">
      <Filter>Файлы ресурсов</Filter>
    </Image>
    <Image Include="..\Res\m_enemy_left.bmp">
      <Filter>Файлы ресурсов</Filter>
    </Image>
    <Image Include="..\Res\m_enemy_right.bmp">
      <Filter>Файлы ресурсов</Filter>
    </Image>
    <Image Include="..\Res\m_enemy_up.bmp">
      <Filter>Файлы ресурсов</Filter>
    </Image>
    <Image Include="..\Res\bonus_life.bmp">
      <Filter>Файлы ресурсов</Filter>
    </Image>
    <Image Include="..\Res\bonus_xp.bmp">
      <Filter>Файлы ресурсов</Filter>
    </Image>
    <Image Include="..\Res\m_bonus_life.bmp">
      <Filter>Файлы ресурсов</Filter>
    </Image>
    <Image Include="..\Res\m_bonus_xp.bmp">
      <Filter>Файлы ресурсов</Filter>
    </Image>
    <Image Include="..\Res\m_neg_bonus.bmp">
      <Filter>Файлы ресурсов</Filter>
    </Image>
    <Image Include="..\Res\neg_bonus.bmp">
      <Filter>Файлы ресурсов</Filter>
    </Image>
    <Image Include="..\Res\1hp.bmp">
      <Filter>Файлы ресурсов</Filter>
    </Image>
    <Image Include="..\Res\2hp.bmp">
      <Filter>Файлы ресурсов</Filter>
    </Image>
    <Image Include="..\Res\3hp.bmp">
      <Filter>Файлы ресурсов</Filter>
    </Image>
    <Image Include="..\Res\4hp.bmp">
      <Filter>Файлы ресурсов</Filter>
    </Image>
    <Image Include="..\Res\status_line.bmp">
      <Filter>Файлы ресурсов</Filter>
    </Image>
    <Image Include="..\Res\game_over.bmp">
      <Filter>Файлы ресурсов</Filter>
    </Image>
    <Image Include="..\Res\pause.bmp">
      <Filter>Файлы ресурсов</Filter>
    </Image>
    <Image Include="..\Res\hero.bmp">
      <Filter>Файлы ресурсов</Filter>
    </Image>
    <Image Include="..\Res\m_hero.bmp">
      <Filter>Файлы ресурсов</Filter>
    </Image>
  </ItemGroup>
</Project>